// !$*UTF8*$!
{
	archiveVersion = 1;
	classes = {
	};
	objectVersion = 56;
	objects = {

/* Begin PBXBuildFile section */
		8B474A372901B98F007DE402 /* AppDelegate.swift in Sources */ = {isa = PBXBuildFile; fileRef = 8B474A362901B98F007DE402 /* AppDelegate.swift */; };
		8B474A392901B98F007DE402 /* SceneDelegate.swift in Sources */ = {isa = PBXBuildFile; fileRef = 8B474A382901B98F007DE402 /* SceneDelegate.swift */; };
		8B474A3B2901B98F007DE402 /* FileManagerViewController.swift in Sources */ = {isa = PBXBuildFile; fileRef = 8B474A3A2901B98F007DE402 /* FileManagerViewController.swift */; };
		8B474A402901B990007DE402 /* Assets.xcassets in Resources */ = {isa = PBXBuildFile; fileRef = 8B474A3F2901B990007DE402 /* Assets.xcassets */; };
		8B474A432901B990007DE402 /* LaunchScreen.storyboard in Resources */ = {isa = PBXBuildFile; fileRef = 8B474A412901B990007DE402 /* LaunchScreen.storyboard */; };
		8B474A4B2901C0D3007DE402 /* FileManagerTableViewCell.swift in Sources */ = {isa = PBXBuildFile; fileRef = 8B474A4A2901C0D3007DE402 /* FileManagerTableViewCell.swift */; };
		8B474A4F2901C172007DE402 /* ModelFileManager.swift in Sources */ = {isa = PBXBuildFile; fileRef = 8B474A4E2901C172007DE402 /* ModelFileManager.swift */; };
		8B474A512901C1A3007DE402 /* FileManagerService.swift in Sources */ = {isa = PBXBuildFile; fileRef = 8B474A502901C1A3007DE402 /* FileManagerService.swift */; };
		8B474A532901C1DD007DE402 /* FileManagerServiceProtocol.swift in Sources */ = {isa = PBXBuildFile; fileRef = 8B474A522901C1DD007DE402 /* FileManagerServiceProtocol.swift */; };
		8B474A572901C5F1007DE402 /* FileManagerAssembly.swift in Sources */ = {isa = PBXBuildFile; fileRef = 8B474A562901C5F1007DE402 /* FileManagerAssembly.swift */; };
		8B474A5B29081B3D007DE402 /* FotoViewController.swift in Sources */ = {isa = PBXBuildFile; fileRef = 8B474A5A29081B3D007DE402 /* FotoViewController.swift */; };
		8B474A5D290913E0007DE402 /* LoginViewController.swift in Sources */ = {isa = PBXBuildFile; fileRef = 8B474A5C290913E0007DE402 /* LoginViewController.swift */; };
		8B474A5F2909A507007DE402 /* SettingsViewController.swift in Sources */ = {isa = PBXBuildFile; fileRef = 8B474A5E2909A507007DE402 /* SettingsViewController.swift */; };
		8B474A612909AB54007DE402 /* SettingsViewControllerDelegate.swift in Sources */ = {isa = PBXBuildFile; fileRef = 8B474A602909AB54007DE402 /* SettingsViewControllerDelegate.swift */; };
/* End PBXBuildFile section */

/* Begin PBXFileReference section */
		8B474A332901B98F007DE402 /* FileManager.app */ = {isa = PBXFileReference; explicitFileType = wrapper.application; includeInIndex = 0; path = FileManager.app; sourceTree = BUILT_PRODUCTS_DIR; };
		8B474A362901B98F007DE402 /* AppDelegate.swift */ = {isa = PBXFileReference; lastKnownFileType = sourcecode.swift; path = AppDelegate.swift; sourceTree = "<group>"; };
		8B474A382901B98F007DE402 /* SceneDelegate.swift */ = {isa = PBXFileReference; lastKnownFileType = sourcecode.swift; path = SceneDelegate.swift; sourceTree = "<group>"; };
		8B474A3A2901B98F007DE402 /* FileManagerViewController.swift */ = {isa = PBXFileReference; lastKnownFileType = sourcecode.swift; path = FileManagerViewController.swift; sourceTree = "<group>"; };
		8B474A3F2901B990007DE402 /* Assets.xcassets */ = {isa = PBXFileReference; lastKnownFileType = folder.assetcatalog; path = Assets.xcassets; sourceTree = "<group>"; };
		8B474A422901B990007DE402 /* Base */ = {isa = PBXFileReference; lastKnownFileType = file.storyboard; name = Base; path = Base.lproj/LaunchScreen.storyboard; sourceTree = "<group>"; };
		8B474A442901B990007DE402 /* Info.plist */ = {isa = PBXFileReference; lastKnownFileType = text.plist.xml; path = Info.plist; sourceTree = "<group>"; };
		8B474A4A2901C0D3007DE402 /* FileManagerTableViewCell.swift */ = {isa = PBXFileReference; lastKnownFileType = sourcecode.swift; path = FileManagerTableViewCell.swift; sourceTree = "<group>"; };
		8B474A4E2901C172007DE402 /* ModelFileManager.swift */ = {isa = PBXFileReference; lastKnownFileType = sourcecode.swift; path = ModelFileManager.swift; sourceTree = "<group>"; };
		8B474A502901C1A3007DE402 /* FileManagerService.swift */ = {isa = PBXFileReference; lastKnownFileType = sourcecode.swift; path = FileManagerService.swift; sourceTree = "<group>"; };
		8B474A522901C1DD007DE402 /* FileManagerServiceProtocol.swift */ = {isa = PBXFileReference; lastKnownFileType = sourcecode.swift; path = FileManagerServiceProtocol.swift; sourceTree = "<group>"; };
		8B474A562901C5F1007DE402 /* FileManagerAssembly.swift */ = {isa = PBXFileReference; lastKnownFileType = sourcecode.swift; path = FileManagerAssembly.swift; sourceTree = "<group>"; };
		8B474A5A29081B3D007DE402 /* FotoViewController.swift */ = {isa = PBXFileReference; lastKnownFileType = sourcecode.swift; path = FotoViewController.swift; sourceTree = "<group>"; };
		8B474A5C290913E0007DE402 /* LoginViewController.swift */ = {isa = PBXFileReference; lastKnownFileType = sourcecode.swift; path = LoginViewController.swift; sourceTree = "<group>"; };
		8B474A5E2909A507007DE402 /* SettingsViewController.swift */ = {isa = PBXFileReference; lastKnownFileType = sourcecode.swift; path = SettingsViewController.swift; sourceTree = "<group>"; };
		8B474A602909AB54007DE402 /* SettingsViewControllerDelegate.swift */ = {isa = PBXFileReference; lastKnownFileType = sourcecode.swift; path = SettingsViewControllerDelegate.swift; sourceTree = "<group>"; };
/* End PBXFileReference section */

/* Begin PBXFrameworksBuildPhase section */
		8B474A302901B98F007DE402 /* Frameworks */ = {
			isa = PBXFrameworksBuildPhase;
			buildActionMask = 2147483647;
			files = (
			);
			runOnlyForDeploymentPostprocessing = 0;
		};
/* End PBXFrameworksBuildPhase section */

/* Begin PBXGroup section */
		8B474A2A2901B98F007DE402 = {
			isa = PBXGroup;
			children = (
				8B474A352901B98F007DE402 /* FileManager */,
				8B474A342901B98F007DE402 /* Products */,
			);
			sourceTree = "<group>";
		};
		8B474A342901B98F007DE402 /* Products */ = {
			isa = PBXGroup;
			children = (
				8B474A332901B98F007DE402 /* FileManager.app */,
			);
			name = Products;
			sourceTree = "<group>";
		};
		8B474A352901B98F007DE402 /* FileManager */ = {
			isa = PBXGroup;
			children = (
				8B474A592901C6E9007DE402 /* ApplicationLayer */,
				8B474A582901C695007DE402 /* ServiceLayer */,
				8B474A552901C57C007DE402 /* Model */,
				8B474A542901C567007DE402 /* View */,
				8B474A3F2901B990007DE402 /* Assets.xcassets */,
				8B474A412901B990007DE402 /* LaunchScreen.storyboard */,
				8B474A442901B990007DE402 /* Info.plist */,
			);
			path = FileManager;
			sourceTree = "<group>";
		};
		8B474A542901C567007DE402 /* View */ = {
			isa = PBXGroup;
			children = (
				8B474A5C290913E0007DE402 /* LoginViewController.swift */,
				8B474A3A2901B98F007DE402 /* FileManagerViewController.swift */,
				8B474A602909AB54007DE402 /* SettingsViewControllerDelegate.swift */,
				8B474A5E2909A507007DE402 /* SettingsViewController.swift */,
				8B474A5A29081B3D007DE402 /* FotoViewController.swift */,
				8B474A4A2901C0D3007DE402 /* FileManagerTableViewCell.swift */,
				8B474A562901C5F1007DE402 /* FileManagerAssembly.swift */,
			);
			path = View;
			sourceTree = "<group>";
		};
		8B474A552901C57C007DE402 /* Model */ = {
			isa = PBXGroup;
			children = (
				8B474A4E2901C172007DE402 /* ModelFileManager.swift */,
			);
			path = Model;
			sourceTree = "<group>";
		};
		8B474A582901C695007DE402 /* ServiceLayer */ = {
			isa = PBXGroup;
			children = (
				8B474A522901C1DD007DE402 /* FileManagerServiceProtocol.swift */,
				8B474A502901C1A3007DE402 /* FileManagerService.swift */,
			);
			path = ServiceLayer;
			sourceTree = "<group>";
		};
		8B474A592901C6E9007DE402 /* ApplicationLayer */ = {
			isa = PBXGroup;
			children = (
				8B474A362901B98F007DE402 /* AppDelegate.swift */,
				8B474A382901B98F007DE402 /* SceneDelegate.swift */,
			);
			path = ApplicationLayer;
			sourceTree = "<group>";
		};
/* End PBXGroup section */

/* Begin PBXNativeTarget section */
		8B474A322901B98F007DE402 /* FileManager */ = {
			isa = PBXNativeTarget;
			buildConfigurationList = 8B474A472901B990007DE402 /* Build configuration list for PBXNativeTarget "FileManager" */;
			buildPhases = (
				8B474A2F2901B98F007DE402 /* Sources */,
				8B474A302901B98F007DE402 /* Frameworks */,
				8B474A312901B98F007DE402 /* Resources */,
			);
			buildRules = (
			);
			dependencies = (
			);
			name = FileManager;
			productName = FileManager;
			productReference = 8B474A332901B98F007DE402 /* FileManager.app */;
			productType = "com.apple.product-type.application";
		};
/* End PBXNativeTarget section */

/* Begin PBXProject section */
		8B474A2B2901B98F007DE402 /* Project object */ = {
			isa = PBXProject;
			attributes = {
				BuildIndependentTargetsInParallel = 1;
				LastSwiftUpdateCheck = 1400;
				LastUpgradeCheck = 1400;
				TargetAttributes = {
					8B474A322901B98F007DE402 = {
						CreatedOnToolsVersion = 14.0.1;
					};
				};
			};
			buildConfigurationList = 8B474A2E2901B98F007DE402 /* Build configuration list for PBXProject "FileManager" */;
			compatibilityVersion = "Xcode 14.0";
			developmentRegion = en;
			hasScannedForEncodings = 0;
			knownRegions = (
				en,
				Base,
			);
			mainGroup = 8B474A2A2901B98F007DE402;
			productRefGroup = 8B474A342901B98F007DE402 /* Products */;
			projectDirPath = "";
			projectRoot = "";
			targets = (
				8B474A322901B98F007DE402 /* FileManager */,
			);
		};
/* End PBXProject section */

/* Begin PBXResourcesBuildPhase section */
		8B474A312901B98F007DE402 /* Resources */ = {
			isa = PBXResourcesBuildPhase;
			buildActionMask = 2147483647;
			files = (
				8B474A432901B990007DE402 /* LaunchScreen.storyboard in Resources */,
				8B474A402901B990007DE402 /* Assets.xcassets in Resources */,
			);
			runOnlyForDeploymentPostprocessing = 0;
		};
/* End PBXResourcesBuildPhase section */

/* Begin PBXSourcesBuildPhase section */
		8B474A2F2901B98F007DE402 /* Sources */ = {
			isa = PBXSourcesBuildPhase;
			buildActionMask = 2147483647;
			files = (
				8B474A3B2901B98F007DE402 /* FileManagerViewController.swift in Sources */,
				8B474A372901B98F007DE402 /* AppDelegate.swift in Sources */,
				8B474A5F2909A507007DE402 /* SettingsViewController.swift in Sources */,
				8B474A532901C1DD007DE402 /* FileManagerServiceProtocol.swift in Sources */,
				8B474A392901B98F007DE402 /* SceneDelegate.swift in Sources */,
				8B474A5B29081B3D007DE402 /* FotoViewController.swift in Sources */,
				8B474A612909AB54007DE402 /* SettingsViewControllerDelegate.swift in Sources */,
				8B474A4F2901C172007DE402 /* ModelFileManager.swift in Sources */,
				8B474A4B2901C0D3007DE402 /* FileManagerTableViewCell.swift in Sources */,
				8B474A512901C1A3007DE402 /* FileManagerService.swift in Sources */,
				8B474A5D290913E0007DE402 /* LoginViewController.swift in Sources */,
				8B474A572901C5F1007DE402 /* FileManagerAssembly.swift in Sources */,
			);
			runOnlyForDeploymentPostprocessing = 0;
		};
/* End PBXSourcesBuildPhase section */

/* Begin PBXVariantGroup section */
		8B474A412901B990007DE402 /* LaunchScreen.storyboard */ = {
			isa = PBXVariantGroup;
			children = (
				8B474A422901B990007DE402 /* Base */,
			);
			name = LaunchScreen.storyboard;
			sourceTree = "<group>";
		};
/* End PBXVariantGroup section */

/* Begin XCBuildConfiguration section */
		8B474A452901B990007DE402 /* Debug */ = {
			isa = XCBuildConfiguration;
			buildSettings = {
				ALWAYS_SEARCH_USER_PATHS = NO;
				CLANG_ANALYZER_NONNULL = YES;
				CLANG_ANALYZER_NUMBER_OBJECT_CONVERSION = YES_AGGRESSIVE;
				CLANG_CXX_LANGUAGE_STANDARD = "gnu++20";
				CLANG_ENABLE_MODULES = YES;
				CLANG_ENABLE_OBJC_ARC = YES;
				CLANG_ENABLE_OBJC_WEAK = YES;
				CLANG_WARN_BLOCK_CAPTURE_AUTORELEASING = YES;
				CLANG_WARN_BOOL_CONVERSION = YES;
				CLANG_WARN_COMMA = YES;
				CLANG_WARN_CONSTANT_CONVERSION = YES;
				CLANG_WARN_DEPRECATED_OBJC_IMPLEMENTATIONS = YES;
				CLANG_WARN_DIRECT_OBJC_ISA_USAGE = YES_ERROR;
				CLANG_WARN_DOCUMENTATION_COMMENTS = YES;
				CLANG_WARN_EMPTY_BODY = YES;
				CLANG_WARN_ENUM_CONVERSION = YES;
				CLANG_WARN_INFINITE_RECURSION = YES;
				CLANG_WARN_INT_CONVERSION = YES;
				CLANG_WARN_NON_LITERAL_NULL_CONVERSION = YES;
				CLANG_WARN_OBJC_IMPLICIT_RETAIN_SELF = YES;
				CLANG_WARN_OBJC_LITERAL_CONVERSION = YES;
				CLANG_WARN_OBJC_ROOT_CLASS = YES_ERROR;
				CLANG_WARN_QUOTED_INCLUDE_IN_FRAMEWORK_HEADER = YES;
				CLANG_WARN_RANGE_LOOP_ANALYSIS = YES;
				CLANG_WARN_STRICT_PROTOTYPES = YES;
				CLANG_WARN_SUSPICIOUS_MOVE = YES;
				CLANG_WARN_UNGUARDED_AVAILABILITY = YES_AGGRESSIVE;
				CLANG_WARN_UNREACHABLE_CODE = YES;
				CLANG_WARN__DUPLICATE_METHOD_MATCH = YES;
				COPY_PHASE_STRIP = NO;
				DEBUG_INFORMATION_FORMAT = dwarf;
				ENABLE_STRICT_OBJC_MSGSEND = YES;
				ENABLE_TESTABILITY = YES;
				GCC_C_LANGUAGE_STANDARD = gnu11;
				GCC_DYNAMIC_NO_PIC = NO;
				GCC_NO_COMMON_BLOCKS = YES;
				GCC_OPTIMIZATION_LEVEL = 0;
				GCC_PREPROCESSOR_DEFINITIONS = (
					"DEBUG=1",
					"$(inherited)",
				);
				GCC_WARN_64_TO_32_BIT_CONVERSION = YES;
				GCC_WARN_ABOUT_RETURN_TYPE = YES_ERROR;
				GCC_WARN_UNDECLARED_SELECTOR = YES;
				GCC_WARN_UNINITIALIZED_AUTOS = YES_AGGRESSIVE;
				GCC_WARN_UNUSED_FUNCTION = YES;
				GCC_WARN_UNUSED_VARIABLE = YES;
				IPHONEOS_DEPLOYMENT_TARGET = 16.0;
				MTL_ENABLE_DEBUG_INFO = INCLUDE_SOURCE;
				MTL_FAST_MATH = YES;
				ONLY_ACTIVE_ARCH = YES;
				SDKROOT = iphoneos;
				SWIFT_ACTIVE_COMPILATION_CONDITIONS = DEBUG;
				SWIFT_OPTIMIZATION_LEVEL = "-Onone";
			};
			name = Debug;
		};
		8B474A462901B990007DE402 /* Release */ = {
			isa = XCBuildConfiguration;
			buildSettings = {
				ALWAYS_SEARCH_USER_PATHS = NO;
				CLANG_ANALYZER_NONNULL = YES;
				CLANG_ANALYZER_NUMBER_OBJECT_CONVERSION = YES_AGGRESSIVE;
				CLANG_CXX_LANGUAGE_STANDARD = "gnu++20";
				CLANG_ENABLE_MODULES = YES;
				CLANG_ENABLE_OBJC_ARC = YES;
				CLANG_ENABLE_OBJC_WEAK = YES;
				CLANG_WARN_BLOCK_CAPTURE_AUTORELEASING = YES;
				CLANG_WARN_BOOL_CONVERSION = YES;
				CLANG_WARN_COMMA = YES;
				CLANG_WARN_CONSTANT_CONVERSION = YES;
				CLANG_WARN_DEPRECATED_OBJC_IMPLEMENTATIONS = YES;
				CLANG_WARN_DIRECT_OBJC_ISA_USAGE = YES_ERROR;
				CLANG_WARN_DOCUMENTATION_COMMENTS = YES;
				CLANG_WARN_EMPTY_BODY = YES;
				CLANG_WARN_ENUM_CONVERSION = YES;
				CLANG_WARN_INFINITE_RECURSION = YES;
				CLANG_WARN_INT_CONVERSION = YES;
				CLANG_WARN_NON_LITERAL_NULL_CONVERSION = YES;
				CLANG_WARN_OBJC_IMPLICIT_RETAIN_SELF = YES;
				CLANG_WARN_OBJC_LITERAL_CONVERSION = YES;
				CLANG_WARN_OBJC_ROOT_CLASS = YES_ERROR;
				CLANG_WARN_QUOTED_INCLUDE_IN_FRAMEWORK_HEADER = YES;
				CLANG_WARN_RANGE_LOOP_ANALYSIS = YES;
				CLANG_WARN_STRICT_PROTOTYPES = YES;
				CLANG_WARN_SUSPICIOUS_MOVE = YES;
				CLANG_WARN_UNGUARDED_AVAILABILITY = YES_AGGRESSIVE;
				CLANG_WARN_UNREACHABLE_CODE = YES;
				CLANG_WARN__DUPLICATE_METHOD_MATCH = YES;
				COPY_PHASE_STRIP = NO;
				DEBUG_INFORMATION_FORMAT = "dwarf-with-dsym";
				ENABLE_NS_ASSERTIONS = NO;
				ENABLE_STRICT_OBJC_MSGSEND = YES;
				GCC_C_LANGUAGE_STANDARD = gnu11;
				GCC_NO_COMMON_BLOCKS = YES;
				GCC_WARN_64_TO_32_BIT_CONVERSION = YES;
				GCC_WARN_ABOUT_RETURN_TYPE = YES_ERROR;
				GCC_WARN_UNDECLARED_SELECTOR = YES;
				GCC_WARN_UNINITIALIZED_AUTOS = YES_AGGRESSIVE;
				GCC_WARN_UNUSED_FUNCTION = YES;
				GCC_WARN_UNUSED_VARIABLE = YES;
				IPHONEOS_DEPLOYMENT_TARGET = 16.0;
				MTL_ENABLE_DEBUG_INFO = NO;
				MTL_FAST_MATH = YES;
				SDKROOT = iphoneos;
				SWIFT_COMPILATION_MODE = wholemodule;
				SWIFT_OPTIMIZATION_LEVEL = "-O";
				VALIDATE_PRODUCT = YES;
			};
			name = Release;
		};
		8B474A482901B990007DE402 /* Debug */ = {
			isa = XCBuildConfiguration;
			buildSettings = {
				ASSETCATALOG_COMPILER_APPICON_NAME = AppIcon;
				ASSETCATALOG_COMPILER_GLOBAL_ACCENT_COLOR_NAME = AccentColor;
				CODE_SIGN_STYLE = Automatic;
				CURRENT_PROJECT_VERSION = 1;
				DEVELOPMENT_TEAM = AAF6RWS5XJ;
				GENERATE_INFOPLIST_FILE = YES;
				INFOPLIST_FILE = FileManager/Info.plist;
				INFOPLIST_KEY_UIApplicationSupportsIndirectInputEvents = YES;
				INFOPLIST_KEY_UILaunchStoryboardName = LaunchScreen;
				INFOPLIST_KEY_UISupportedInterfaceOrientations_iPad = "UIInterfaceOrientationPortrait UIInterfaceOrientationPortraitUpsideDown UIInterfaceOrientationLandscapeLeft UIInterfaceOrientationLandscapeRight";
				INFOPLIST_KEY_UISupportedInterfaceOrientations_iPhone = "UIInterfaceOrientationPortrait UIInterfaceOrientationLandscapeLeft UIInterfaceOrientationLandscapeRight";
				IPHONEOS_DEPLOYMENT_TARGET = 15.0;
				LD_RUNPATH_SEARCH_PATHS = (
					"$(inherited)",
					"@executable_path/Frameworks",
				);
				MARKETING_VERSION = 1.0;
				PRODUCT_BUNDLE_IDENTIFIER = "-.FileManager";
				PRODUCT_NAME = "$(TARGET_NAME)";
				SUPPORTED_PLATFORMS = "iphoneos iphonesimulator";
				SUPPORTS_MACCATALYST = NO;
				SUPPORTS_MAC_DESIGNED_FOR_IPHONE_IPAD = NO;
				SWIFT_EMIT_LOC_STRINGS = YES;
				SWIFT_VERSION = 5.0;
				TARGETED_DEVICE_FAMILY = 1;
			};
			name = Debug;
		};
		8B474A492901B990007DE402 /* Release */ = {
			isa = XCBuildConfiguration;
			buildSettings = {
				ASSETCATALOG_COMPILER_APPICON_NAME = AppIcon;
				ASSETCATALOG_COMPILER_GLOBAL_ACCENT_COLOR_NAME = AccentColor;
				CODE_SIGN_STYLE = Automatic;
				CURRENT_PROJECT_VERSION = 1;
				DEVELOPMENT_TEAM = AAF6RWS5XJ;
				GENERATE_INFOPLIST_FILE = YES;
				INFOPLIST_FILE = FileManager/Info.plist;
				INFOPLIST_KEY_UIApplicationSupportsIndirectInputEvents = YES;
				INFOPLIST_KEY_UILaunchStoryboardName = LaunchScreen;
				INFOPLIST_KEY_UISupportedInterfaceOrientations_iPad = "UIInterfaceOrientationPortrait UIInterfaceOrientationPortraitUpsideDown UIInterfaceOrientationLandscapeLeft UIInterfaceOrientationLandscapeRight";
				INFOPLIST_KEY_UISupportedInterfaceOrientations_iPhone = "UIInterfaceOrientationPortrait UIInterfaceOrientationLandscapeLeft UIInterfaceOrientationLandscapeRight";
				IPHONEOS_DEPLOYMENT_TARGET = 15.0;
				LD_RUNPATH_SEARCH_PATHS = (
					"$(inherited)",
					"@executable_path/Frameworks",
				);
				MARKETING_VERSION = 1.0;
				PRODUCT_BUNDLE_IDENTIFIER = "-.FileManager";
				PRODUCT_NAME = "$(TARGET_NAME)";
				SUPPORTED_PLATFORMS = "iphoneos iphonesimulator";
				SUPPORTS_MACCATALYST = NO;
				SUPPORTS_MAC_DESIGNED_FOR_IPHONE_IPAD = NO;
				SWIFT_EMIT_LOC_STRINGS = YES;
				SWIFT_VERSION = 5.0;
				TARGETED_DEVICE_FAMILY = 1;
			};
			name = Release;
		};
/* End XCBuildConfiguration section */

/* Begin XCConfigurationList section */
		8B474A2E2901B98F007DE402 /* Build configuration list for PBXProject "FileManager" */ = {
			isa = XCConfigurationList;
			buildConfigurations = (
				8B474A452901B990007DE402 /* Debug */,
				8B474A462901B990007DE402 /* Release */,
			);
			defaultConfigurationIsVisible = 0;
			defaultConfigurationName = Release;
		};
		8B474A472901B990007DE402 /* Build configuration list for PBXNativeTarget "FileManager" */ = {
			isa = XCConfigurationList;
			buildConfigurations = (
				8B474A482901B990007DE402 /* Debug */,
				8B474A492901B990007DE402 /* Release */,
			);
			defaultConfigurationIsVisible = 0;
			defaultConfigurationName = Release;
		};
/* End XCConfigurationList section */
	};
	rootObject = 8B474A2B2901B98F007DE402 /* Project object */;
}
